
Microsoft Visual Studio Solution File, Format Version 12.00
# Visual Studio Version 16
VisualStudioVersion = 16.0.30907.101
MinimumVisualStudioVersion = 10.0.40219.1
Project("{8BC9CEB8-8B4A-11D0-8D11-00A0C91BC942}") = "8_1chapter", "8_1chapter\8_1chapter.vcxproj", "{E22950C9-5F64-4589-BD5B-34C132D10C11}"
EndProject
Project("{8BC9CEB8-8B4A-11D0-8D11-00A0C91BC942}") = "8_2chapter", "8_2chapter\8_2chapter.vcxproj", "{B3F89684-520B-47C2-BE3F-03A427C4D6F0}"
EndProject
Project("{8BC9CEB8-8B4A-11D0-8D11-00A0C91BC942}") = "8_3chapter", "8_3chapter\8_3chapter.vcxproj", "{9A955B28-F341-4FB5-B718-A9F8165277AA}"
EndProject
Project("{8BC9CEB8-8B4A-11D0-8D11-00A0C91BC942}") = "8_3_1chapter", "8_3_1chapter\8_3_1chapter.vcxproj", "{70650685-B508-4A20-B36F-03C6C41244E6}"
EndProject
Project("{8BC9CEB8-8B4A-11D0-8D11-00A0C91BC942}") = "8_4chapter", "8_4chapter\8_4chapter.vcxproj", "{EEEEE48F-08F9-4A1A-8AFA-F1252A856FC5}"
EndProject
Project("{8BC9CEB8-8B4A-11D0-8D11-00A0C91BC942}") = "8_5chapter", "8_5chapter\8_5chapter.vcxproj", "{FA1627E0-C349-42A6-A26A-B282641C0762}"
EndProject
Project("{8BC9CEB8-8B4A-11D0-8D11-00A0C91BC942}") = "8_6chapter", "8_6chapter\8_6chapter.vcxproj", "{9AB4BDBF-B20B-4860-901E-49B731757683}"
EndProject
Project("{8BC9CEB8-8B4A-11D0-8D11-00A0C91BC942}") = "8_6_1chapter", "8_6_1chapter\8_6_1chapter.vcxproj", "{5714FDFB-B824-457B-8743-05BEF0BFD9CD}"
EndProject
Project("{8BC9CEB8-8B4A-11D0-8D11-00A0C91BC942}") = "8_7chapter", "8_7chapter\8_7chapter.vcxproj", "{2E7B1744-01C9-4FE8-9FC4-06652095282A}"
EndProject
Project("{8BC9CEB8-8B4A-11D0-8D11-00A0C91BC942}") = "8_7_1chapter", "8_7_1chapter\8_7_1chapter.vcxproj", "{012BF80F-0D6A-46A8-B4DA-96A30025C3C6}"
EndProject
Project("{8BC9CEB8-8B4A-11D0-8D11-00A0C91BC942}") = "8_8chapter", "8_8chapter\8_8chapter.vcxproj", "{133997B5-3983-4CFE-AFB5-26FE19138536}"
EndProject
Project("{8BC9CEB8-8B4A-11D0-8D11-00A0C91BC942}") = "8_9chapter", "8_9chapter\8_9chapter.vcxproj", "{18931CB3-B4B7-45E6-9151-A5CFC7C7A8A3}"
EndProject
Project("{8BC9CEB8-8B4A-11D0-8D11-00A0C91BC942}") = "8_9_1chapter", "8_9_1chapter\8_9_1chapter.vcxproj", "{1521E0CC-A11D-4D1C-99FF-D9BB5558377D}"
EndProject
Project("{8BC9CEB8-8B4A-11D0-8D11-00A0C91BC942}") = "8_10chapter", "8_10chapter\8_10chapter.vcxproj", "{1C13FDEF-AA5A-4090-9136-5EBFE08EF62F}"
EndProject
Project("{8BC9CEB8-8B4A-11D0-8D11-00A0C91BC942}") = "8_11chapter", "8_11chapter\8_11chapter.vcxproj", "{10ACBD6E-9CF4-43A3-BF6B-33BAE286EDFB}"
EndProject
Project("{8BC9CEB8-8B4A-11D0-8D11-00A0C91BC942}") = "8_12chapter", "8_12chapter\8_12chapter.vcxproj", "{FD81DEDF-9641-4BD8-A573-B628AF5832C1}"
EndProject
Project("{8BC9CEB8-8B4A-11D0-8D11-00A0C91BC942}") = "8_13chapter", "8_13chapter\8_13chapter.vcxproj", "{E30CBC4E-7F42-40F7-93FA-CE8BD86EF17E}"
EndProject
Project("{8BC9CEB8-8B4A-11D0-8D11-00A0C91BC942}") = "8_13_1chapter", "8_13_1chapter\8_13_1chapter.vcxproj", "{112B394C-48A0-4755-98E6-7F3648A9F38B}"
EndProject
Project("{8BC9CEB8-8B4A-11D0-8D11-00A0C91BC942}") = "8_14chapter", "8_14chapter\8_14chapter.vcxproj", "{6A28C35E-8F30-4F0E-954C-613698026994}"
EndProject
Project("{8BC9CEB8-8B4A-11D0-8D11-00A0C91BC942}") = "8_15chapter", "8_15chapter\8_15chapter.vcxproj", "{A4A05846-6218-479B-8962-4F7189C627B0}"
EndProject
Global
	GlobalSection(SolutionConfigurationPlatforms) = preSolution
		Debug|x64 = Debug|x64
		Debug|x86 = Debug|x86
		Release|x64 = Release|x64
		Release|x86 = Release|x86
	EndGlobalSection
	GlobalSection(ProjectConfigurationPlatforms) = postSolution
		{E22950C9-5F64-4589-BD5B-34C132D10C11}.Debug|x64.ActiveCfg = Debug|x64
		{E22950C9-5F64-4589-BD5B-34C132D10C11}.Debug|x64.Build.0 = Debug|x64
		{E22950C9-5F64-4589-BD5B-34C132D10C11}.Debug|x86.ActiveCfg = Debug|Win32
		{E22950C9-5F64-4589-BD5B-34C132D10C11}.Debug|x86.Build.0 = Debug|Win32
		{E22950C9-5F64-4589-BD5B-34C132D10C11}.Release|x64.ActiveCfg = Release|x64
		{E22950C9-5F64-4589-BD5B-34C132D10C11}.Release|x64.Build.0 = Release|x64
		{E22950C9-5F64-4589-BD5B-34C132D10C11}.Release|x86.ActiveCfg = Release|Win32
		{E22950C9-5F64-4589-BD5B-34C132D10C11}.Release|x86.Build.0 = Release|Win32
		{B3F89684-520B-47C2-BE3F-03A427C4D6F0}.Debug|x64.ActiveCfg = Debug|x64
		{B3F89684-520B-47C2-BE3F-03A427C4D6F0}.Debug|x64.Build.0 = Debug|x64
		{B3F89684-520B-47C2-BE3F-03A427C4D6F0}.Debug|x86.ActiveCfg = Debug|Win32
		{B3F89684-520B-47C2-BE3F-03A427C4D6F0}.Debug|x86.Build.0 = Debug|Win32
		{B3F89684-520B-47C2-BE3F-03A427C4D6F0}.Release|x64.ActiveCfg = Release|x64
		{B3F89684-520B-47C2-BE3F-03A427C4D6F0}.Release|x64.Build.0 = Release|x64
		{B3F89684-520B-47C2-BE3F-03A427C4D6F0}.Release|x86.ActiveCfg = Release|Win32
		{B3F89684-520B-47C2-BE3F-03A427C4D6F0}.Release|x86.Build.0 = Release|Win32
		{9A955B28-F341-4FB5-B718-A9F8165277AA}.Debug|x64.ActiveCfg = Debug|x64
		{9A955B28-F341-4FB5-B718-A9F8165277AA}.Debug|x64.Build.0 = Debug|x64
		{9A955B28-F341-4FB5-B718-A9F8165277AA}.Debug|x86.ActiveCfg = Debug|Win32
		{9A955B28-F341-4FB5-B718-A9F8165277AA}.Debug|x86.Build.0 = Debug|Win32
		{9A955B28-F341-4FB5-B718-A9F8165277AA}.Release|x64.ActiveCfg = Release|x64
		{9A955B28-F341-4FB5-B718-A9F8165277AA}.Release|x64.Build.0 = Release|x64
		{9A955B28-F341-4FB5-B718-A9F8165277AA}.Release|x86.ActiveCfg = Release|Win32
		{9A955B28-F341-4FB5-B718-A9F8165277AA}.Release|x86.Build.0 = Release|Win32
		{70650685-B508-4A20-B36F-03C6C41244E6}.Debug|x64.ActiveCfg = Debug|x64
		{70650685-B508-4A20-B36F-03C6C41244E6}.Debug|x64.Build.0 = Debug|x64
		{70650685-B508-4A20-B36F-03C6C41244E6}.Debug|x86.ActiveCfg = Debug|Win32
		{70650685-B508-4A20-B36F-03C6C41244E6}.Debug|x86.Build.0 = Debug|Win32
		{70650685-B508-4A20-B36F-03C6C41244E6}.Release|x64.ActiveCfg = Release|x64
		{70650685-B508-4A20-B36F-03C6C41244E6}.Release|x64.Build.0 = Release|x64
		{70650685-B508-4A20-B36F-03C6C41244E6}.Release|x86.ActiveCfg = Release|Win32
		{70650685-B508-4A20-B36F-03C6C41244E6}.Release|x86.Build.0 = Release|Win32
		{EEEEE48F-08F9-4A1A-8AFA-F1252A856FC5}.Debug|x64.ActiveCfg = Debug|x64
		{EEEEE48F-08F9-4A1A-8AFA-F1252A856FC5}.Debug|x64.Build.0 = Debug|x64
		{EEEEE48F-08F9-4A1A-8AFA-F1252A856FC5}.Debug|x86.ActiveCfg = Debug|Win32
		{EEEEE48F-08F9-4A1A-8AFA-F1252A856FC5}.Debug|x86.Build.0 = Debug|Win32
		{EEEEE48F-08F9-4A1A-8AFA-F1252A856FC5}.Release|x64.ActiveCfg = Release|x64
		{EEEEE48F-08F9-4A1A-8AFA-F1252A856FC5}.Release|x64.Build.0 = Release|x64
		{EEEEE48F-08F9-4A1A-8AFA-F1252A856FC5}.Release|x86.ActiveCfg = Release|Win32
		{EEEEE48F-08F9-4A1A-8AFA-F1252A856FC5}.Release|x86.Build.0 = Release|Win32
		{FA1627E0-C349-42A6-A26A-B282641C0762}.Debug|x64.ActiveCfg = Debug|x64
		{FA1627E0-C349-42A6-A26A-B282641C0762}.Debug|x64.Build.0 = Debug|x64
		{FA1627E0-C349-42A6-A26A-B282641C0762}.Debug|x86.ActiveCfg = Debug|Win32
		{FA1627E0-C349-42A6-A26A-B282641C0762}.Debug|x86.Build.0 = Debug|Win32
		{FA1627E0-C349-42A6-A26A-B282641C0762}.Release|x64.ActiveCfg = Release|x64
		{FA1627E0-C349-42A6-A26A-B282641C0762}.Release|x64.Build.0 = Release|x64
		{FA1627E0-C349-42A6-A26A-B282641C0762}.Release|x86.ActiveCfg = Release|Win32
		{FA1627E0-C349-42A6-A26A-B282641C0762}.Release|x86.Build.0 = Release|Win32
		{9AB4BDBF-B20B-4860-901E-49B731757683}.Debug|x64.ActiveCfg = Debug|x64
		{9AB4BDBF-B20B-4860-901E-49B731757683}.Debug|x64.Build.0 = Debug|x64
		{9AB4BDBF-B20B-4860-901E-49B731757683}.Debug|x86.ActiveCfg = Debug|Win32
		{9AB4BDBF-B20B-4860-901E-49B731757683}.Debug|x86.Build.0 = Debug|Win32
		{9AB4BDBF-B20B-4860-901E-49B731757683}.Release|x64.ActiveCfg = Release|x64
		{9AB4BDBF-B20B-4860-901E-49B731757683}.Release|x64.Build.0 = Release|x64
		{9AB4BDBF-B20B-4860-901E-49B731757683}.Release|x86.ActiveCfg = Release|Win32
		{9AB4BDBF-B20B-4860-901E-49B731757683}.Release|x86.Build.0 = Release|Win32
		{5714FDFB-B824-457B-8743-05BEF0BFD9CD}.Debug|x64.ActiveCfg = Debug|x64
		{5714FDFB-B824-457B-8743-05BEF0BFD9CD}.Debug|x64.Build.0 = Debug|x64
		{5714FDFB-B824-457B-8743-05BEF0BFD9CD}.Debug|x86.ActiveCfg = Debug|Win32
		{5714FDFB-B824-457B-8743-05BEF0BFD9CD}.Debug|x86.Build.0 = Debug|Win32
		{5714FDFB-B824-457B-8743-05BEF0BFD9CD}.Release|x64.ActiveCfg = Release|x64
		{5714FDFB-B824-457B-8743-05BEF0BFD9CD}.Release|x64.Build.0 = Release|x64
		{5714FDFB-B824-457B-8743-05BEF0BFD9CD}.Release|x86.ActiveCfg = Release|Win32
		{5714FDFB-B824-457B-8743-05BEF0BFD9CD}.Release|x86.Build.0 = Release|Win32
		{2E7B1744-01C9-4FE8-9FC4-06652095282A}.Debug|x64.ActiveCfg = Debug|x64
		{2E7B1744-01C9-4FE8-9FC4-06652095282A}.Debug|x64.Build.0 = Debug|x64
		{2E7B1744-01C9-4FE8-9FC4-06652095282A}.Debug|x86.ActiveCfg = Debug|Win32
		{2E7B1744-01C9-4FE8-9FC4-06652095282A}.Debug|x86.Build.0 = Debug|Win32
		{2E7B1744-01C9-4FE8-9FC4-06652095282A}.Release|x64.ActiveCfg = Release|x64
		{2E7B1744-01C9-4FE8-9FC4-06652095282A}.Release|x64.Build.0 = Release|x64
		{2E7B1744-01C9-4FE8-9FC4-06652095282A}.Release|x86.ActiveCfg = Release|Win32
		{2E7B1744-01C9-4FE8-9FC4-06652095282A}.Release|x86.Build.0 = Release|Win32
		{012BF80F-0D6A-46A8-B4DA-96A30025C3C6}.Debug|x64.ActiveCfg = Debug|x64
		{012BF80F-0D6A-46A8-B4DA-96A30025C3C6}.Debug|x64.Build.0 = Debug|x64
		{012BF80F-0D6A-46A8-B4DA-96A30025C3C6}.Debug|x86.ActiveCfg = Debug|Win32
		{012BF80F-0D6A-46A8-B4DA-96A30025C3C6}.Debug|x86.Build.0 = Debug|Win32
		{012BF80F-0D6A-46A8-B4DA-96A30025C3C6}.Release|x64.ActiveCfg = Release|x64
		{012BF80F-0D6A-46A8-B4DA-96A30025C3C6}.Release|x64.Build.0 = Release|x64
		{012BF80F-0D6A-46A8-B4DA-96A30025C3C6}.Release|x86.ActiveCfg = Release|Win32
		{012BF80F-0D6A-46A8-B4DA-96A30025C3C6}.Release|x86.Build.0 = Release|Win32
		{133997B5-3983-4CFE-AFB5-26FE19138536}.Debug|x64.ActiveCfg = Debug|x64
		{133997B5-3983-4CFE-AFB5-26FE19138536}.Debug|x64.Build.0 = Debug|x64
		{133997B5-3983-4CFE-AFB5-26FE19138536}.Debug|x86.ActiveCfg = Debug|Win32
		{133997B5-3983-4CFE-AFB5-26FE19138536}.Debug|x86.Build.0 = Debug|Win32
		{133997B5-3983-4CFE-AFB5-26FE19138536}.Release|x64.ActiveCfg = Release|x64
		{133997B5-3983-4CFE-AFB5-26FE19138536}.Release|x64.Build.0 = Release|x64
		{133997B5-3983-4CFE-AFB5-26FE19138536}.Release|x86.ActiveCfg = Release|Win32
		{133997B5-3983-4CFE-AFB5-26FE19138536}.Release|x86.Build.0 = Release|Win32
		{18931CB3-B4B7-45E6-9151-A5CFC7C7A8A3}.Debug|x64.ActiveCfg = Debug|x64
		{18931CB3-B4B7-45E6-9151-A5CFC7C7A8A3}.Debug|x64.Build.0 = Debug|x64
		{18931CB3-B4B7-45E6-9151-A5CFC7C7A8A3}.Debug|x86.ActiveCfg = Debug|Win32
		{18931CB3-B4B7-45E6-9151-A5CFC7C7A8A3}.Debug|x86.Build.0 = Debug|Win32
		{18931CB3-B4B7-45E6-9151-A5CFC7C7A8A3}.Release|x64.ActiveCfg = Release|x64
		{18931CB3-B4B7-45E6-9151-A5CFC7C7A8A3}.Release|x64.Build.0 = Release|x64
		{18931CB3-B4B7-45E6-9151-A5CFC7C7A8A3}.Release|x86.ActiveCfg = Release|Win32
		{18931CB3-B4B7-45E6-9151-A5CFC7C7A8A3}.Release|x86.Build.0 = Release|Win32
		{1521E0CC-A11D-4D1C-99FF-D9BB5558377D}.Debug|x64.ActiveCfg = Debug|x64
		{1521E0CC-A11D-4D1C-99FF-D9BB5558377D}.Debug|x64.Build.0 = Debug|x64
		{1521E0CC-A11D-4D1C-99FF-D9BB5558377D}.Debug|x86.ActiveCfg = Debug|Win32
		{1521E0CC-A11D-4D1C-99FF-D9BB5558377D}.Debug|x86.Build.0 = Debug|Win32
		{1521E0CC-A11D-4D1C-99FF-D9BB5558377D}.Release|x64.ActiveCfg = Release|x64
		{1521E0CC-A11D-4D1C-99FF-D9BB5558377D}.Release|x64.Build.0 = Release|x64
		{1521E0CC-A11D-4D1C-99FF-D9BB5558377D}.Release|x86.ActiveCfg = Release|Win32
		{1521E0CC-A11D-4D1C-99FF-D9BB5558377D}.Release|x86.Build.0 = Release|Win32
		{1C13FDEF-AA5A-4090-9136-5EBFE08EF62F}.Debug|x64.ActiveCfg = Debug|x64
		{1C13FDEF-AA5A-4090-9136-5EBFE08EF62F}.Debug|x64.Build.0 = Debug|x64
		{1C13FDEF-AA5A-4090-9136-5EBFE08EF62F}.Debug|x86.ActiveCfg = Debug|Win32
		{1C13FDEF-AA5A-4090-9136-5EBFE08EF62F}.Debug|x86.Build.0 = Debug|Win32
		{1C13FDEF-AA5A-4090-9136-5EBFE08EF62F}.Release|x64.ActiveCfg = Release|x64
		{1C13FDEF-AA5A-4090-9136-5EBFE08EF62F}.Release|x64.Build.0 = Release|x64
		{1C13FDEF-AA5A-4090-9136-5EBFE08EF62F}.Release|x86.ActiveCfg = Release|Win32
		{1C13FDEF-AA5A-4090-9136-5EBFE08EF62F}.Release|x86.Build.0 = Release|Win32
		{10ACBD6E-9CF4-43A3-BF6B-33BAE286EDFB}.Debug|x64.ActiveCfg = Debug|x64
		{10ACBD6E-9CF4-43A3-BF6B-33BAE286EDFB}.Debug|x64.Build.0 = Debug|x64
		{10ACBD6E-9CF4-43A3-BF6B-33BAE286EDFB}.Debug|x86.ActiveCfg = Debug|Win32
		{10ACBD6E-9CF4-43A3-BF6B-33BAE286EDFB}.Debug|x86.Build.0 = Debug|Win32
		{10ACBD6E-9CF4-43A3-BF6B-33BAE286EDFB}.Release|x64.ActiveCfg = Release|x64
		{10ACBD6E-9CF4-43A3-BF6B-33BAE286EDFB}.Release|x64.Build.0 = Release|x64
		{10ACBD6E-9CF4-43A3-BF6B-33BAE286EDFB}.Release|x86.ActiveCfg = Release|Win32
		{10ACBD6E-9CF4-43A3-BF6B-33BAE286EDFB}.Release|x86.Build.0 = Release|Win32
		{FD81DEDF-9641-4BD8-A573-B628AF5832C1}.Debug|x64.ActiveCfg = Debug|x64
		{FD81DEDF-9641-4BD8-A573-B628AF5832C1}.Debug|x64.Build.0 = Debug|x64
		{FD81DEDF-9641-4BD8-A573-B628AF5832C1}.Debug|x86.ActiveCfg = Debug|Win32
		{FD81DEDF-9641-4BD8-A573-B628AF5832C1}.Debug|x86.Build.0 = Debug|Win32
		{FD81DEDF-9641-4BD8-A573-B628AF5832C1}.Release|x64.ActiveCfg = Release|x64
		{FD81DEDF-9641-4BD8-A573-B628AF5832C1}.Release|x64.Build.0 = Release|x64
		{FD81DEDF-9641-4BD8-A573-B628AF5832C1}.Release|x86.ActiveCfg = Release|Win32
		{FD81DEDF-9641-4BD8-A573-B628AF5832C1}.Release|x86.Build.0 = Release|Win32
		{E30CBC4E-7F42-40F7-93FA-CE8BD86EF17E}.Debug|x64.ActiveCfg = Debug|x64
		{E30CBC4E-7F42-40F7-93FA-CE8BD86EF17E}.Debug|x64.Build.0 = Debug|x64
		{E30CBC4E-7F42-40F7-93FA-CE8BD86EF17E}.Debug|x86.ActiveCfg = Debug|Win32
		{E30CBC4E-7F42-40F7-93FA-CE8BD86EF17E}.Debug|x86.Build.0 = Debug|Win32
		{E30CBC4E-7F42-40F7-93FA-CE8BD86EF17E}.Release|x64.ActiveCfg = Release|x64
		{E30CBC4E-7F42-40F7-93FA-CE8BD86EF17E}.Release|x64.Build.0 = Release|x64
		{E30CBC4E-7F42-40F7-93FA-CE8BD86EF17E}.Release|x86.ActiveCfg = Release|Win32
		{E30CBC4E-7F42-40F7-93FA-CE8BD86EF17E}.Release|x86.Build.0 = Release|Win32
		{112B394C-48A0-4755-98E6-7F3648A9F38B}.Debug|x64.ActiveCfg = Debug|x64
		{112B394C-48A0-4755-98E6-7F3648A9F38B}.Debug|x64.Build.0 = Debug|x64
		{112B394C-48A0-4755-98E6-7F3648A9F38B}.Debug|x86.ActiveCfg = Debug|Win32
		{112B394C-48A0-4755-98E6-7F3648A9F38B}.Debug|x86.Build.0 = Debug|Win32
		{112B394C-48A0-4755-98E6-7F3648A9F38B}.Release|x64.ActiveCfg = Release|x64
		{112B394C-48A0-4755-98E6-7F3648A9F38B}.Release|x64.Build.0 = Release|x64
		{112B394C-48A0-4755-98E6-7F3648A9F38B}.Release|x86.ActiveCfg = Release|Win32
		{112B394C-48A0-4755-98E6-7F3648A9F38B}.Release|x86.Build.0 = Release|Win32
		{6A28C35E-8F30-4F0E-954C-613698026994}.Debug|x64.ActiveCfg = Debug|x64
		{6A28C35E-8F30-4F0E-954C-613698026994}.Debug|x64.Build.0 = Debug|x64
		{6A28C35E-8F30-4F0E-954C-613698026994}.Debug|x86.ActiveCfg = Debug|Win32
		{6A28C35E-8F30-4F0E-954C-613698026994}.Debug|x86.Build.0 = Debug|Win32
		{6A28C35E-8F30-4F0E-954C-613698026994}.Release|x64.ActiveCfg = Release|x64
		{6A28C35E-8F30-4F0E-954C-613698026994}.Release|x64.Build.0 = Release|x64
		{6A28C35E-8F30-4F0E-954C-613698026994}.Release|x86.ActiveCfg = Release|Win32
		{6A28C35E-8F30-4F0E-954C-613698026994}.Release|x86.Build.0 = Release|Win32
		{A4A05846-6218-479B-8962-4F7189C627B0}.Debug|x64.ActiveCfg = Debug|x64
		{A4A05846-6218-479B-8962-4F7189C627B0}.Debug|x64.Build.0 = Debug|x64
		{A4A05846-6218-479B-8962-4F7189C627B0}.Debug|x86.ActiveCfg = Debug|Win32
		{A4A05846-6218-479B-8962-4F7189C627B0}.Debug|x86.Build.0 = Debug|Win32
		{A4A05846-6218-479B-8962-4F7189C627B0}.Release|x64.ActiveCfg = Release|x64
		{A4A05846-6218-479B-8962-4F7189C627B0}.Release|x64.Build.0 = Release|x64
		{A4A05846-6218-479B-8962-4F7189C627B0}.Release|x86.ActiveCfg = Release|Win32
		{A4A05846-6218-479B-8962-4F7189C627B0}.Release|x86.Build.0 = Release|Win32
	EndGlobalSection
	GlobalSection(SolutionProperties) = preSolution
		HideSolutionNode = FALSE
	EndGlobalSection
	GlobalSection(ExtensibilityGlobals) = postSolution
		SolutionGuid = {45FF9DEE-7A6F-44F6-82A4-F18DB6C8409B}
	EndGlobalSection
EndGlobal
